
Microsoft Visual Studio Solution File, Format Version 12.00
# Visual Studio Version 16
VisualStudioVersion = 16.0.29920.165
MinimumVisualStudioVersion = 10.0.40219.1
Project("{8BC9CEB8-8B4A-11D0-8D11-00A0C91BC942}") = "station2", "station2\station2.vcxproj", "{D47ECC07-2E01-45A9-86C6-B07EB8DAE549}"
EndProject
Global
	GlobalSection(SolutionConfigurationPlatforms) = preSolution
		Debug|x64 = Debug|x64
		Debug|x86 = Debug|x86
		Release|x64 = Release|x64
		Release|x86 = Release|x86
	EndGlobalSection
	GlobalSection(ProjectConfigurationPlatforms) = postSolution
		{D47ECC07-2E01-45A9-86C6-B07EB8DAE549}.Debug|x64.ActiveCfg = Debug|x64
		{D47ECC07-2E01-45A9-86C6-B07EB8DAE549}.Debug|x64.Build.0 = Debug|x64
		{D47ECC07-2E01-45A9-86C6-B07EB8DAE549}.Debug|x86.ActiveCfg = Debug|Win32
		{D47ECC07-2E01-45A9-86C6-B07EB8DAE549}.Debug|x86.Build.0 = Debug|Win32
		{D47ECC07-2E01-45A9-86C6-B07EB8DAE549}.Release|x64.ActiveCfg = Release|x64
		{D47ECC07-2E01-45A9-86C6-B07EB8DAE549}.Release|x64.Build.0 = Release|x64
		{D47ECC07-2E01-45A9-86C6-B07EB8DAE549}.Release|x86.ActiveCfg = Release|Win32
		{D47ECC07-2E01-45A9-86C6-B07EB8DAE549}.Release|x86.Build.0 = Release|Win32
	EndGlobalSection
	GlobalSection(SolutionProperties) = preSolution
		HideSolutionNode = FALSE
	EndGlobalSection
	GlobalSection(ExtensibilityGlobals) = postSolution
		SolutionGuid = {1A6E994C-DADE-46F5-ABAB-E120B2C8F0ED}
	EndGlobalSection
EndGlobal
